// !$*UTF8*$!
{
	archiveVersion = 1;
	classes = {
	};
	objectVersion = 55;
	objects = {

/* Begin PBXBuildFile section */
		0FAAAC8628801738002B440C /* ChangeButtonBackgroundColourOnTapApp.swift in Sources */ = {isa = PBXBuildFile; fileRef = 0FAAAC8528801738002B440C /* ChangeButtonBackgroundColourOnTapApp.swift */; };
		0FAAAC8828801738002B440C /* ContentView.swift in Sources */ = {isa = PBXBuildFile; fileRef = 0FAAAC8728801738002B440C /* ContentView.swift */; };
		0FAAAC8A2880173E002B440C /* Assets.xcassets in Resources */ = {isa = PBXBuildFile; fileRef = 0FAAAC892880173E002B440C /* Assets.xcassets */; };
		0FAAAC8D2880173E002B440C /* Preview Assets.xcassets in Resources */ = {isa = PBXBuildFile; fileRef = 0FAAAC8C2880173E002B440C /* Preview Assets.xcassets */; };
		0FAAAC972880173F002B440C /* ChangeButtonBackgroundColourOnTapTests.swift in Sources */ = {isa = PBXBuildFile; fileRef = 0FAAAC962880173F002B440C /* ChangeButtonBackgroundColourOnTapTests.swift */; };
		0FAAACA12880173F002B440C /* ChangeButtonBackgroundColourOnTapUITests.swift in Sources */ = {isa = PBXBuildFile; fileRef = 0FAAACA02880173F002B440C /* ChangeButtonBackgroundColourOnTapUITests.swift */; };
		0FAAACA32880173F002B440C /* ChangeButtonBackgroundColourOnTapUITestsLaunchTests.swift in Sources */ = {isa = PBXBuildFile; fileRef = 0FAAACA22880173F002B440C /* ChangeButtonBackgroundColourOnTapUITestsLaunchTests.swift */; };
/* End PBXBuildFile section */

/* Begin PBXContainerItemProxy section */
		0FAAAC932880173F002B440C /* PBXContainerItemProxy */ = {
			isa = PBXContainerItemProxy;
			containerPortal = 0FAAAC7A28801738002B440C /* Project object */;
			proxyType = 1;
			remoteGlobalIDString = 0FAAAC8128801738002B440C;
			remoteInfo = ChangeButtonBackgroundColourOnTap;
		};
		0FAAAC9D2880173F002B440C /* PBXContainerItemProxy */ = {
			isa = PBXContainerItemProxy;
			containerPortal = 0FAAAC7A28801738002B440C /* Project object */;
			proxyType = 1;
			remoteGlobalIDString = 0FAAAC8128801738002B440C;
			remoteInfo = ChangeButtonBackgroundColourOnTap;
		};
/* End PBXContainerItemProxy section */

/* Begin PBXFileReference section */
		0FAAAC8228801738002B440C /* ChangeButtonBackgroundColourOnTap.app */ = {isa = PBXFileReference; explicitFileType = wrapper.application; includeInIndex = 0; path = ChangeButtonBackgroundColourOnTap.app; sourceTree = BUILT_PRODUCTS_DIR; };
		0FAAAC8528801738002B440C /* ChangeButtonBackgroundColourOnTapApp.swift */ = {isa = PBXFileReference; lastKnownFileType = sourcecode.swift; path = ChangeButtonBackgroundColourOnTapApp.swift; sourceTree = "<group>"; };
		0FAAAC8728801738002B440C /* ContentView.swift */ = {isa = PBXFileReference; lastKnownFileType = sourcecode.swift; path = ContentView.swift; sourceTree = "<group>"; };
		0FAAAC892880173E002B440C /* Assets.xcassets */ = {isa = PBXFileReference; lastKnownFileType = folder.assetcatalog; path = Assets.xcassets; sourceTree = "<group>"; };
		0FAAAC8C2880173E002B440C /* Preview Assets.xcassets */ = {isa = PBXFileReference; lastKnownFileType = folder.assetcatalog; path = "Preview Assets.xcassets"; sourceTree = "<group>"; };
		0FAAAC922880173F002B440C /* ChangeButtonBackgroundColourOnTapTests.xctest */ = {isa = PBXFileReference; explicitFileType = wrapper.cfbundle; includeInIndex = 0; path = ChangeButtonBackgroundColourOnTapTests.xctest; sourceTree = BUILT_PRODUCTS_DIR; };
		0FAAAC962880173F002B440C /* ChangeButtonBackgroundColourOnTapTests.swift */ = {isa = PBXFileReference; lastKnownFileType = sourcecode.swift; path = ChangeButtonBackgroundColourOnTapTests.swift; sourceTree = "<group>"; };
		0FAAAC9C2880173F002B440C /* ChangeButtonBackgroundColourOnTapUITests.xctest */ = {isa = PBXFileReference; explicitFileType = wrapper.cfbundle; includeInIndex = 0; path = ChangeButtonBackgroundColourOnTapUITests.xctest; sourceTree = BUILT_PRODUCTS_DIR; };
		0FAAACA02880173F002B440C /* ChangeButtonBackgroundColourOnTapUITests.swift */ = {isa = PBXFileReference; lastKnownFileType = sourcecode.swift; path = ChangeButtonBackgroundColourOnTapUITests.swift; sourceTree = "<group>"; };
		0FAAACA22880173F002B440C /* ChangeButtonBackgroundColourOnTapUITestsLaunchTests.swift */ = {isa = PBXFileReference; lastKnownFileType = sourcecode.swift; path = ChangeButtonBackgroundColourOnTapUITestsLaunchTests.swift; sourceTree = "<group>"; };
/* End PBXFileReference section */

/* Begin PBXFrameworksBuildPhase section */
		0FAAAC7F28801738002B440C /* Frameworks */ = {
			isa = PBXFrameworksBuildPhase;
			buildActionMask = 2147483647;
			files = (
			);
			runOnlyForDeploymentPostprocessing = 0;
		};
		0FAAAC8F2880173F002B440C /* Frameworks */ = {
			isa = PBXFrameworksBuildPhase;
			buildActionMask = 2147483647;
			files = (
			);
			runOnlyForDeploymentPostprocessing = 0;
		};
		0FAAAC992880173F002B440C /* Frameworks */ = {
			isa = PBXFrameworksBuildPhase;
			buildActionMask = 2147483647;
			files = (
			);
			runOnlyForDeploymentPostprocessing = 0;
		};
/* End PBXFrameworksBuildPhase section */

/* Begin PBXGroup section */
		0FAAAC7928801738002B440C = {
			isa = PBXGroup;
			children = (
				0FAAAC8428801738002B440C /* ChangeButtonBackgroundColourOnTap */,
				0FAAAC952880173F002B440C /* ChangeButtonBackgroundColourOnTapTests */,
				0FAAAC9F2880173F002B440C /* ChangeButtonBackgroundColourOnTapUITests */,
				0FAAAC8328801738002B440C /* Products */,
			);
			sourceTree = "<group>";
		};
		0FAAAC8328801738002B440C /* Products */ = {
			isa = PBXGroup;
			children = (
				0FAAAC8228801738002B440C /* ChangeButtonBackgroundColourOnTap.app */,
				0FAAAC922880173F002B440C /* ChangeButtonBackgroundColourOnTapTests.xctest */,
				0FAAAC9C2880173F002B440C /* ChangeButtonBackgroundColourOnTapUITests.xctest */,
			);
			name = Products;
			sourceTree = "<group>";
		};
		0FAAAC8428801738002B440C /* ChangeButtonBackgroundColourOnTap */ = {
			isa = PBXGroup;
			children = (
				0FAAAC8528801738002B440C /* ChangeButtonBackgroundColourOnTapApp.swift */,
				0FAAAC8728801738002B440C /* ContentView.swift */,
				0FAAAC892880173E002B440C /* Assets.xcassets */,
				0FAAAC8B2880173E002B440C /* Preview Content */,
			);
			path = ChangeButtonBackgroundColourOnTap;
			sourceTree = "<group>";
		};
		0FAAAC8B2880173E002B440C /* Preview Content */ = {
			isa = PBXGroup;
			children = (
				0FAAAC8C2880173E002B440C /* Preview Assets.xcassets */,
			);
			path = "Preview Content";
			sourceTree = "<group>";
		};
		0FAAAC952880173F002B440C /* ChangeButtonBackgroundColourOnTapTests */ = {
			isa = PBXGroup;
			children = (
				0FAAAC962880173F002B440C /* ChangeButtonBackgroundColourOnTapTests.swift */,
			);
			path = ChangeButtonBackgroundColourOnTapTests;
			sourceTree = "<group>";
		};
		0FAAAC9F2880173F002B440C /* ChangeButtonBackgroundColourOnTapUITests */ = {
			isa = PBXGroup;
			children = (
				0FAAACA02880173F002B440C /* ChangeButtonBackgroundColourOnTapUITests.swift */,
				0FAAACA22880173F002B440C /* ChangeButtonBackgroundColourOnTapUITestsLaunchTests.swift */,
			);
			path = ChangeButtonBackgroundColourOnTapUITests;
			sourceTree = "<group>";
		};
/* End PBXGroup section */

/* Begin PBXNativeTarget section */
		0FAAAC8128801738002B440C /* ChangeButtonBackgroundColourOnTap */ = {
			isa = PBXNativeTarget;
			buildConfigurationList = 0FAAACA62880173F002B440C /* Build configuration list for PBXNativeTarget "ChangeButtonBackgroundColourOnTap" */;
			buildPhases = (
				0FAAAC7E28801738002B440C /* Sources */,
				0FAAAC7F28801738002B440C /* Frameworks */,
				0FAAAC8028801738002B440C /* Resources */,
			);
			buildRules = (
			);
			dependencies = (
			);
			name = ChangeButtonBackgroundColourOnTap;
			productName = ChangeButtonBackgroundColourOnTap;
			productReference = 0FAAAC8228801738002B440C /* ChangeButtonBackgroundColourOnTap.app */;
			productType = "com.apple.product-type.application";
		};
		0FAAAC912880173F002B440C /* ChangeButtonBackgroundColourOnTapTests */ = {
			isa = PBXNativeTarget;
			buildConfigurationList = 0FAAACA92880173F002B440C /* Build configuration list for PBXNativeTarget "ChangeButtonBackgroundColourOnTapTests" */;
			buildPhases = (
				0FAAAC8E2880173F002B440C /* Sources */,
				0FAAAC8F2880173F002B440C /* Frameworks */,
				0FAAAC902880173F002B440C /* Resources */,
			);
			buildRules = (
			);
			dependencies = (
				0FAAAC942880173F002B440C /* PBXTargetDependency */,
			);
			name = ChangeButtonBackgroundColourOnTapTests;
			productName = ChangeButtonBackgroundColourOnTapTests;
			productReference = 0FAAAC922880173F002B440C /* ChangeButtonBackgroundColourOnTapTests.xctest */;
			productType = "com.apple.product-type.bundle.unit-test";
		};
		0FAAAC9B2880173F002B440C /* ChangeButtonBackgroundColourOnTapUITests */ = {
			isa = PBXNativeTarget;
			buildConfigurationList = 0FAAACAC2880173F002B440C /* Build configuration list for PBXNativeTarget "ChangeButtonBackgroundColourOnTapUITests" */;
			buildPhases = (
				0FAAAC982880173F002B440C /* Sources */,
				0FAAAC992880173F002B440C /* Frameworks */,
				0FAAAC9A2880173F002B440C /* Resources */,
			);
			buildRules = (
			);
			dependencies = (
				0FAAAC9E2880173F002B440C /* PBXTargetDependency */,
			);
			name = ChangeButtonBackgroundColourOnTapUITests;
			productName = ChangeButtonBackgroundColourOnTapUITests;
			productReference = 0FAAAC9C2880173F002B440C /* ChangeButtonBackgroundColourOnTapUITests.xctest */;
			productType = "com.apple.product-type.bundle.ui-testing";
		};
/* End PBXNativeTarget section */

/* Begin PBXProject section */
		0FAAAC7A28801738002B440C /* Project object */ = {
			isa = PBXProject;
			attributes = {
				BuildIndependentTargetsInParallel = 1;
				LastSwiftUpdateCheck = 1340;
				LastUpgradeCheck = 1340;
				TargetAttributes = {
					0FAAAC8128801738002B440C = {
						CreatedOnToolsVersion = 13.4.1;
					};
					0FAAAC912880173F002B440C = {
						CreatedOnToolsVersion = 13.4.1;
						TestTargetID = 0FAAAC8128801738002B440C;
					};
					0FAAAC9B2880173F002B440C = {
						CreatedOnToolsVersion = 13.4.1;
						TestTargetID = 0FAAAC8128801738002B440C;
					};
				};
			};
			buildConfigurationList = 0FAAAC7D28801738002B440C /* Build configuration list for PBXProject "ChangeButtonBackgroundColourOnTap" */;
			compatibilityVersion = "Xcode 13.0";
			developmentRegion = en;
			hasScannedForEncodings = 0;
			knownRegions = (
				en,
				Base,
			);
			mainGroup = 0FAAAC7928801738002B440C;
			productRefGroup = 0FAAAC8328801738002B440C /* Products */;
			projectDirPath = "";
			projectRoot = "";
			targets = (
				0FAAAC8128801738002B440C /* ChangeButtonBackgroundColourOnTap */,
				0FAAAC912880173F002B440C /* ChangeButtonBackgroundColourOnTapTests */,
				0FAAAC9B2880173F002B440C /* ChangeButtonBackgroundColourOnTapUITests */,
			);
		};
/* End PBXProject section */

/* Begin PBXResourcesBuildPhase section */
		0FAAAC8028801738002B440C /* Resources */ = {
			isa = PBXResourcesBuildPhase;
			buildActionMask = 2147483647;
			files = (
				0FAAAC8D2880173E002B440C /* Preview Assets.xcassets in Resources */,
				0FAAAC8A2880173E002B440C /* Assets.xcassets in Resources */,
			);
			runOnlyForDeploymentPostprocessing = 0;
		};
		0FAAAC902880173F002B440C /* Resources */ = {
			isa = PBXResourcesBuildPhase;
			buildActionMask = 2147483647;
			files = (
			);
			runOnlyForDeploymentPostprocessing = 0;
		};
		0FAAAC9A2880173F002B440C /* Resources */ = {
			isa = PBXResourcesBuildPhase;
			buildActionMask = 2147483647;
			files = (
			);
			runOnlyForDeploymentPostprocessing = 0;
		};
/* End PBXResourcesBuildPhase section */

/* Begin PBXSourcesBuildPhase section */
		0FAAAC7E28801738002B440C /* Sources */ = {
			isa = PBXSourcesBuildPhase;
			buildActionMask = 2147483647;
			files = (
				0FAAAC8828801738002B440C /* ContentView.swift in Sources */,
				0FAAAC8628801738002B440C /* ChangeButtonBackgroundColourOnTapApp.swift in Sources */,
			);
			runOnlyForDeploymentPostprocessing = 0;
		};
		0FAAAC8E2880173F002B440C /* Sources */ = {
			isa = PBXSourcesBuildPhase;
			buildActionMask = 2147483647;
			files = (
				0FAAAC972880173F002B440C /* ChangeButtonBackgroundColourOnTapTests.swift in Sources */,
			);
			runOnlyForDeploymentPostprocessing = 0;
		};
		0FAAAC982880173F002B440C /* Sources */ = {
			isa = PBXSourcesBuildPhase;
			buildActionMask = 2147483647;
			files = (
				0FAAACA12880173F002B440C /* ChangeButtonBackgroundColourOnTapUITests.swift in Sources */,
				0FAAACA32880173F002B440C /* ChangeButtonBackgroundColourOnTapUITestsLaunchTests.swift in Sources */,
			);
			runOnlyForDeploymentPostprocessing = 0;
		};
/* End PBXSourcesBuildPhase section */

/* Begin PBXTargetDependency section */
		0FAAAC942880173F002B440C /* PBXTargetDependency */ = {
			isa = PBXTargetDependency;
			target = 0FAAAC8128801738002B440C /* ChangeButtonBackgroundColourOnTap */;
			targetProxy = 0FAAAC932880173F002B440C /* PBXContainerItemProxy */;
		};
		0FAAAC9E2880173F002B440C /* PBXTargetDependency */ = {
			isa = PBXTargetDependency;
			target = 0FAAAC8128801738002B440C /* ChangeButtonBackgroundColourOnTap */;
			targetProxy = 0FAAAC9D2880173F002B440C /* PBXContainerItemProxy */;
		};
/* End PBXTargetDependency section */

/* Begin XCBuildConfiguration section */
		0FAAACA42880173F002B440C /* Debug */ = {
			isa = XCBuildConfiguration;
			buildSettings = {
				ALWAYS_SEARCH_USER_PATHS = NO;
				CLANG_ANALYZER_NONNULL = YES;
				CLANG_ANALYZER_NUMBER_OBJECT_CONVERSION = YES_AGGRESSIVE;
				CLANG_CXX_LANGUAGE_STANDARD = "gnu++17";
				CLANG_ENABLE_MODULES = YES;
				CLANG_ENABLE_OBJC_ARC = YES;
				CLANG_ENABLE_OBJC_WEAK = YES;
				CLANG_WARN_BLOCK_CAPTURE_AUTORELEASING = YES;
				CLANG_WARN_BOOL_CONVERSION = YES;
				CLANG_WARN_COMMA = YES;
				CLANG_WARN_CONSTANT_CONVERSION = YES;
				CLANG_WARN_DEPRECATED_OBJC_IMPLEMENTATIONS = YES;
				CLANG_WARN_DIRECT_OBJC_ISA_USAGE = YES_ERROR;
				CLANG_WARN_DOCUMENTATION_COMMENTS = YES;
				CLANG_WARN_EMPTY_BODY = YES;
				CLANG_WARN_ENUM_CONVERSION = YES;
				CLANG_WARN_INFINITE_RECURSION = YES;
				CLANG_WARN_INT_CONVERSION = YES;
				CLANG_WARN_NON_LITERAL_NULL_CONVERSION = YES;
				CLANG_WARN_OBJC_IMPLICIT_RETAIN_SELF = YES;
				CLANG_WARN_OBJC_LITERAL_CONVERSION = YES;
				CLANG_WARN_OBJC_ROOT_CLASS = YES_ERROR;
				CLANG_WARN_QUOTED_INCLUDE_IN_FRAMEWORK_HEADER = YES;
				CLANG_WARN_RANGE_LOOP_ANALYSIS = YES;
				CLANG_WARN_STRICT_PROTOTYPES = YES;
				CLANG_WARN_SUSPICIOUS_MOVE = YES;
				CLANG_WARN_UNGUARDED_AVAILABILITY = YES_AGGRESSIVE;
				CLANG_WARN_UNREACHABLE_CODE = YES;
				CLANG_WARN__DUPLICATE_METHOD_MATCH = YES;
				COPY_PHASE_STRIP = NO;
				DEBUG_INFORMATION_FORMAT = dwarf;
				ENABLE_STRICT_OBJC_MSGSEND = YES;
				ENABLE_TESTABILITY = YES;
				GCC_C_LANGUAGE_STANDARD = gnu11;
				GCC_DYNAMIC_NO_PIC = NO;
				GCC_NO_COMMON_BLOCKS = YES;
				GCC_OPTIMIZATION_LEVEL = 0;
				GCC_PREPROCESSOR_DEFINITIONS = (
					"DEBUG=1",
					"$(inherited)",
				);
				GCC_WARN_64_TO_32_BIT_CONVERSION = YES;
				GCC_WARN_ABOUT_RETURN_TYPE = YES_ERROR;
				GCC_WARN_UNDECLARED_SELECTOR = YES;
				GCC_WARN_UNINITIALIZED_AUTOS = YES_AGGRESSIVE;
				GCC_WARN_UNUSED_FUNCTION = YES;
				GCC_WARN_UNUSED_VARIABLE = YES;
				IPHONEOS_DEPLOYMENT_TARGET = 15.5;
				MTL_ENABLE_DEBUG_INFO = INCLUDE_SOURCE;
				MTL_FAST_MATH = YES;
				ONLY_ACTIVE_ARCH = YES;
				SDKROOT = iphoneos;
				SWIFT_ACTIVE_COMPILATION_CONDITIONS = DEBUG;
				SWIFT_OPTIMIZATION_LEVEL = "-Onone";
			};
			name = Debug;
		};
		0FAAACA52880173F002B440C /* Release */ = {
			isa = XCBuildConfiguration;
			buildSettings = {
				ALWAYS_SEARCH_USER_PATHS = NO;
				CLANG_ANALYZER_NONNULL = YES;
				CLANG_ANALYZER_NUMBER_OBJECT_CONVERSION = YES_AGGRESSIVE;
				CLANG_CXX_LANGUAGE_STANDARD = "gnu++17";
				CLANG_ENABLE_MODULES = YES;
				CLANG_ENABLE_OBJC_ARC = YES;
				CLANG_ENABLE_OBJC_WEAK = YES;
				CLANG_WARN_BLOCK_CAPTURE_AUTORELEASING = YES;
				CLANG_WARN_BOOL_CONVERSION = YES;
				CLANG_WARN_COMMA = YES;
				CLANG_WARN_CONSTANT_CONVERSION = YES;
				CLANG_WARN_DEPRECATED_OBJC_IMPLEMENTATIONS = YES;
				CLANG_WARN_DIRECT_OBJC_ISA_USAGE = YES_ERROR;
				CLANG_WARN_DOCUMENTATION_COMMENTS = YES;
				CLANG_WARN_EMPTY_BODY = YES;
				CLANG_WARN_ENUM_CONVERSION = YES;
				CLANG_WARN_INFINITE_RECURSION = YES;
				CLANG_WARN_INT_CONVERSION = YES;
				CLANG_WARN_NON_LITERAL_NULL_CONVERSION = YES;
				CLANG_WARN_OBJC_IMPLICIT_RETAIN_SELF = YES;
				CLANG_WARN_OBJC_LITERAL_CONVERSION = YES;
				CLANG_WARN_OBJC_ROOT_CLASS = YES_ERROR;
				CLANG_WARN_QUOTED_INCLUDE_IN_FRAMEWORK_HEADER = YES;
				CLANG_WARN_RANGE_LOOP_ANALYSIS = YES;
				CLANG_WARN_STRICT_PROTOTYPES = YES;
				CLANG_WARN_SUSPICIOUS_MOVE = YES;
				CLANG_WARN_UNGUARDED_AVAILABILITY = YES_AGGRESSIVE;
				CLANG_WARN_UNREACHABLE_CODE = YES;
				CLANG_WARN__DUPLICATE_METHOD_MATCH = YES;
				COPY_PHASE_STRIP = NO;
				DEBUG_INFORMATION_FORMAT = "dwarf-with-dsym";
				ENABLE_NS_ASSERTIONS = NO;
				ENABLE_STRICT_OBJC_MSGSEND = YES;
				GCC_C_LANGUAGE_STANDARD = gnu11;
				GCC_NO_COMMON_BLOCKS = YES;
				GCC_WARN_64_TO_32_BIT_CONVERSION = YES;
				GCC_WARN_ABOUT_RETURN_TYPE = YES_ERROR;
				GCC_WARN_UNDECLARED_SELECTOR = YES;
				GCC_WARN_UNINITIALIZED_AUTOS = YES_AGGRESSIVE;
				GCC_WARN_UNUSED_FUNCTION = YES;
				GCC_WARN_UNUSED_VARIABLE = YES;
				IPHONEOS_DEPLOYMENT_TARGET = 15.5;
				MTL_ENABLE_DEBUG_INFO = NO;
				MTL_FAST_MATH = YES;
				SDKROOT = iphoneos;
				SWIFT_COMPILATION_MODE = wholemodule;
				SWIFT_OPTIMIZATION_LEVEL = "-O";
				VALIDATE_PRODUCT = YES;
			};
			name = Release;
		};
		0FAAACA72880173F002B440C /* Debug */ = {
			isa = XCBuildConfiguration;
			buildSettings = {
				ASSETCATALOG_COMPILER_APPICON_NAME = AppIcon;
				ASSETCATALOG_COMPILER_GLOBAL_ACCENT_COLOR_NAME = AccentColor;
				CODE_SIGN_STYLE = Automatic;
				CURRENT_PROJECT_VERSION = 1;
				DEVELOPMENT_ASSET_PATHS = "\"ChangeButtonBackgroundColourOnTap/Preview Content\"";
				ENABLE_PREVIEWS = YES;
				GENERATE_INFOPLIST_FILE = YES;
				INFOPLIST_KEY_UIApplicationSceneManifest_Generation = YES;
				INFOPLIST_KEY_UIApplicationSupportsIndirectInputEvents = YES;
				INFOPLIST_KEY_UILaunchScreen_Generation = YES;
				INFOPLIST_KEY_UISupportedInterfaceOrientations_iPad = "UIInterfaceOrientationPortrait UIInterfaceOrientationPortraitUpsideDown UIInterfaceOrientationLandscapeLeft UIInterfaceOrientationLandscapeRight";
				INFOPLIST_KEY_UISupportedInterfaceOrientations_iPhone = "UIInterfaceOrientationPortrait UIInterfaceOrientationLandscapeLeft UIInterfaceOrientationLandscapeRight";
				LD_RUNPATH_SEARCH_PATHS = (
					"$(inherited)",
					"@executable_path/Frameworks",
				);
				MARKETING_VERSION = 1.0;
				PRODUCT_BUNDLE_IDENTIFIER = a.ChangeButtonBackgroundColourOnTap;
				PRODUCT_NAME = "$(TARGET_NAME)";
				SWIFT_EMIT_LOC_STRINGS = YES;
				SWIFT_VERSION = 5.0;
				TARGETED_DEVICE_FAMILY = "1,2";
			};
			name = Debug;
		};
		0FAAACA82880173F002B440C /* Release */ = {
			isa = XCBuildConfiguration;
			buildSettings = {
				ASSETCATALOG_COMPILER_APPICON_NAME = AppIcon;
				ASSETCATALOG_COMPILER_GLOBAL_ACCENT_COLOR_NAME = AccentColor;
				CODE_SIGN_STYLE = Automatic;
				CURRENT_PROJECT_VERSION = 1;
				DEVELOPMENT_ASSET_PATHS = "\"ChangeButtonBackgroundColourOnTap/Preview Content\"";
				ENABLE_PREVIEWS = YES;
				GENERATE_INFOPLIST_FILE = YES;
				INFOPLIST_KEY_UIApplicationSceneManifest_Generation = YES;
				INFOPLIST_KEY_UIApplicationSupportsIndirectInputEvents = YES;
				INFOPLIST_KEY_UILaunchScreen_Generation = YES;
				INFOPLIST_KEY_UISupportedInterfaceOrientations_iPad = "UIInterfaceOrientationPortrait UIInterfaceOrientationPortraitUpsideDown UIInterfaceOrientationLandscapeLeft UIInterfaceOrientationLandscapeRight";
				INFOPLIST_KEY_UISupportedInterfaceOrientations_iPhone = "UIInterfaceOrientationPortrait UIInterfaceOrientationLandscapeLeft UIInterfaceOrientationLandscapeRight";
				LD_RUNPATH_SEARCH_PATHS = (
					"$(inherited)",
					"@executable_path/Frameworks",
				);
				MARKETING_VERSION = 1.0;
				PRODUCT_BUNDLE_IDENTIFIER = a.ChangeButtonBackgroundColourOnTap;
				PRODUCT_NAME = "$(TARGET_NAME)";
				SWIFT_EMIT_LOC_STRINGS = YES;
				SWIFT_VERSION = 5.0;
				TARGETED_DEVICE_FAMILY = "1,2";
			};
			name = Release;
		};
		0FAAACAA2880173F002B440C /* Debug */ = {
			isa = XCBuildConfiguration;
			buildSettings = {
				ALWAYS_EMBED_SWIFT_STANDARD_LIBRARIES = YES;
				BUNDLE_LOADER = "$(TEST_HOST)";
				CODE_SIGN_STYLE = Automatic;
				CURRENT_PROJECT_VERSION = 1;
				GENERATE_INFOPLIST_FILE = YES;
				IPHONEOS_DEPLOYMENT_TARGET = 15.5;
				MARKETING_VERSION = 1.0;
				PRODUCT_BUNDLE_IDENTIFIER = a.ChangeButtonBackgroundColourOnTapTests;
				PRODUCT_NAME = "$(TARGET_NAME)";
				SWIFT_EMIT_LOC_STRINGS = NO;
				SWIFT_VERSION = 5.0;
				TARGETED_DEVICE_FAMILY = "1,2";
				TEST_HOST = "$(BUILT_PRODUCTS_DIR)/ChangeButtonBackgroundColourOnTap.app/ChangeButtonBackgroundColourOnTap";
			};
			name = Debug;
		};
		0FAAACAB2880173F002B440C /* Release */ = {
			isa = XCBuildConfiguration;
			buildSettings = {
				ALWAYS_EMBED_SWIFT_STANDARD_LIBRARIES = YES;
				BUNDLE_LOADER = "$(TEST_HOST)";
				CODE_SIGN_STYLE = Automatic;
				CURRENT_PROJECT_VERSION = 1;
				GENERATE_INFOPLIST_FILE = YES;
				IPHONEOS_DEPLOYMENT_TARGET = 15.5;
				MARKETING_VERSION = 1.0;
				PRODUCT_BUNDLE_IDENTIFIER = a.ChangeButtonBackgroundColourOnTapTests;
				PRODUCT_NAME = "$(TARGET_NAME)";
				SWIFT_EMIT_LOC_STRINGS = NO;
				SWIFT_VERSION = 5.0;
				TARGETED_DEVICE_FAMILY = "1,2";
				TEST_HOST = "$(BUILT_PRODUCTS_DIR)/ChangeButtonBackgroundColourOnTap.app/ChangeButtonBackgroundColourOnTap";
			};
			name = Release;
		};
		0FAAACAD2880173F002B440C /* Debug */ = {
			isa = XCBuildConfiguration;
			buildSettings = {
				ALWAYS_EMBED_SWIFT_STANDARD_LIBRARIES = YES;
				CODE_SIGN_STYLE = Automatic;
				CURRENT_PROJECT_VERSION = 1;
				GENERATE_INFOPLIST_FILE = YES;
				MARKETING_VERSION = 1.0;
				PRODUCT_BUNDLE_IDENTIFIER = a.ChangeButtonBackgroundColourOnTapUITests;
				PRODUCT_NAME = "$(TARGET_NAME)";
				SWIFT_EMIT_LOC_STRINGS = NO;
				SWIFT_VERSION = 5.0;
				TARGETED_DEVICE_FAMILY = "1,2";
				TEST_TARGET_NAME = ChangeButtonBackgroundColourOnTap;
			};
			name = Debug;
		};
		0FAAACAE2880173F002B440C /* Release */ = {
			isa = XCBuildConfiguration;
			buildSettings = {
				ALWAYS_EMBED_SWIFT_STANDARD_LIBRARIES = YES;
				CODE_SIGN_STYLE = Automatic;
				CURRENT_PROJECT_VERSION = 1;
				GENERATE_INFOPLIST_FILE = YES;
				MARKETING_VERSION = 1.0;
				PRODUCT_BUNDLE_IDENTIFIER = a.ChangeButtonBackgroundColourOnTapUITests;
				PRODUCT_NAME = "$(TARGET_NAME)";
				SWIFT_EMIT_LOC_STRINGS = NO;
				SWIFT_VERSION = 5.0;
				TARGETED_DEVICE_FAMILY = "1,2";
				TEST_TARGET_NAME = ChangeButtonBackgroundColourOnTap;
			};
			name = Release;
		};
/* End XCBuildConfiguration section */

/* Begin XCConfigurationList section */
		0FAAAC7D28801738002B440C /* Build configuration list for PBXProject "ChangeButtonBackgroundColourOnTap" */ = {
			isa = XCConfigurationList;
			buildConfigurations = (
				0FAAACA42880173F002B440C /* Debug */,
				0FAAACA52880173F002B440C /* Release */,
			);
			defaultConfigurationIsVisible = 0;
			defaultConfigurationName = Release;
		};
		0FAAACA62880173F002B440C /* Build configuration list for PBXNativeTarget "ChangeButtonBackgroundColourOnTap" */ = {
			isa = XCConfigurationList;
			buildConfigurations = (
				0FAAACA72880173F002B440C /* Debug */,
				0FAAACA82880173F002B440C /* Release */,
			);
			defaultConfigurationIsVisible = 0;
			defaultConfigurationName = Release;
		};
		0FAAACA92880173F002B440C /* Build configuration list for PBXNativeTarget "ChangeButtonBackgroundColourOnTapTests" */ = {
			isa = XCConfigurationList;
			buildConfigurations = (
				0FAAACAA2880173F002B440C /* Debug */,
				0FAAACAB2880173F002B440C /* Release */,
			);
			defaultConfigurationIsVisible = 0;
			defaultConfigurationName = Release;
		};
		0FAAACAC2880173F002B440C /* Build configuration list for PBXNativeTarget "ChangeButtonBackgroundColourOnTapUITests" */ = {
			isa = XCConfigurationList;
			buildConfigurations = (
				0FAAACAD2880173F002B440C /* Debug */,
				0FAAACAE2880173F002B440C /* Release */,
			);
			defaultConfigurationIsVisible = 0;
			defaultConfigurationName = Release;
		};
/* End XCConfigurationList section */
	};
	rootObject = 0FAAAC7A28801738002B440C /* Project object */;
}
